{
  "name": "zorium-seed",
  "dependencies": {
    "accepts": {
      "version": "1.3.3",
      "from": "accepts@>=1.3.3 <1.4.0",
      "resolved": "https://registry.npmjs.org/accepts/-/accepts-1.3.3.tgz"
    },
    "array-flatten": {
      "version": "1.1.1",
      "from": "array-flatten@1.1.1",
      "resolved": "https://registry.npmjs.org/array-flatten/-/array-flatten-1.1.1.tgz"
    },
    "bluebird": {
      "version": "2.11.0",
      "from": "bluebird@>=2.10.2 <3.0.0",
      "resolved": "https://registry.npmjs.org/bluebird/-/bluebird-2.11.0.tgz"
    },
    "body-parser": {
      "version": "1.15.2",
      "from": "body-parser@>=1.14.1 <2.0.0",
      "resolved": "https://registry.npmjs.org/body-parser/-/body-parser-1.15.2.tgz"
    },
    "browser-split": {
      "version": "0.0.1",
      "from": "browser-split@0.0.1",
      "resolved": "https://registry.npmjs.org/browser-split/-/browser-split-0.0.1.tgz"
    },
    "bytes": {
      "version": "2.4.0",
      "from": "bytes@2.4.0",
      "resolved": "https://registry.npmjs.org/bytes/-/bytes-2.4.0.tgz"
    },
    "camelize": {
      "version": "1.0.0",
      "from": "camelize@1.0.0",
      "resolved": "https://registry.npmjs.org/camelize/-/camelize-1.0.0.tgz"
    },
    "clay-request": {
      "version": "0.4.5",
      "from": "clay-request@>=0.4.4 <0.5.0",
      "resolved": "https://registry.npmjs.org/clay-request/-/clay-request-0.4.5.tgz",
      "dependencies": {
        "lodash": {
          "version": "3.10.1",
          "from": "lodash@>=3.0.1 <4.0.0",
          "resolved": "https://registry.npmjs.org/lodash/-/lodash-3.10.1.tgz"
        },
        "qs": {
          "version": "2.4.2",
          "from": "qs@>=2.4.2 <3.0.0",
          "resolved": "https://registry.npmjs.org/qs/-/qs-2.4.2.tgz"
        }
      }
    },
    "coffee-script": {
      "version": "1.11.1",
      "from": "coffee-script@>=1.10.0 <2.0.0",
      "resolved": "https://registry.npmjs.org/coffee-script/-/coffee-script-1.11.1.tgz"
    },
    "compressible": {
      "version": "2.0.8",
      "from": "compressible@>=2.0.8 <2.1.0",
      "resolved": "https://registry.npmjs.org/compressible/-/compressible-2.0.8.tgz"
    },
    "compression": {
      "version": "1.6.2",
      "from": "compression@>=1.6.0 <2.0.0",
      "resolved": "https://registry.npmjs.org/compression/-/compression-1.6.2.tgz",
      "dependencies": {
        "bytes": {
          "version": "2.3.0",
          "from": "bytes@2.3.0",
          "resolved": "https://registry.npmjs.org/bytes/-/bytes-2.3.0.tgz"
        }
      }
    },
    "connect": {
      "version": "3.4.1",
      "from": "connect@3.4.1",
      "resolved": "https://registry.npmjs.org/connect/-/connect-3.4.1.tgz",
      "dependencies": {
        "finalhandler": {
          "version": "0.4.1",
          "from": "finalhandler@0.4.1",
          "resolved": "https://registry.npmjs.org/finalhandler/-/finalhandler-0.4.1.tgz"
        }
      }
    },
    "content-disposition": {
      "version": "0.5.1",
      "from": "content-disposition@0.5.1",
      "resolved": "https://registry.npmjs.org/content-disposition/-/content-disposition-0.5.1.tgz"
    },
    "content-security-policy-builder": {
      "version": "1.0.0",
      "from": "content-security-policy-builder@1.0.0",
      "resolved": "https://registry.npmjs.org/content-security-policy-builder/-/content-security-policy-builder-1.0.0.tgz"
    },
    "content-type": {
      "version": "1.0.2",
      "from": "content-type@>=1.0.2 <1.1.0",
      "resolved": "https://registry.npmjs.org/content-type/-/content-type-1.0.2.tgz"
    },
    "cookie": {
      "version": "0.3.1",
      "from": "cookie@>=0.3.1 <0.4.0",
      "resolved": "https://registry.npmjs.org/cookie/-/cookie-0.3.1.tgz"
    },
    "cookie-parser": {
      "version": "1.4.3",
      "from": "cookie-parser@>=1.4.0 <2.0.0",
      "resolved": "https://registry.npmjs.org/cookie-parser/-/cookie-parser-1.4.3.tgz"
    },
    "cookie-signature": {
      "version": "1.0.6",
      "from": "cookie-signature@1.0.6",
      "resolved": "https://registry.npmjs.org/cookie-signature/-/cookie-signature-1.0.6.tgz"
    },
    "core-util-is": {
      "version": "1.0.2",
      "from": "core-util-is@1.0.2",
      "resolved": "https://registry.npmjs.org/core-util-is/-/core-util-is-1.0.2.tgz"
    },
    "dashify": {
      "version": "0.2.2",
      "from": "dashify@>=0.2.0 <0.3.0",
      "resolved": "https://registry.npmjs.org/dashify/-/dashify-0.2.2.tgz"
    },
    "debug": {
      "version": "2.2.0",
      "from": "debug@>=2.2.0 <2.3.0",
      "resolved": "https://registry.npmjs.org/debug/-/debug-2.2.0.tgz"
    },
    "depd": {
      "version": "1.1.0",
      "from": "depd@>=1.1.0 <1.2.0",
      "resolved": "https://registry.npmjs.org/depd/-/depd-1.1.0.tgz"
    },
    "destroy": {
      "version": "1.0.4",
      "from": "destroy@>=1.0.4 <1.1.0",
      "resolved": "https://registry.npmjs.org/destroy/-/destroy-1.0.4.tgz"
    },
    "dns-prefetch-control": {
      "version": "0.1.0",
      "from": "dns-prefetch-control@0.1.0",
      "resolved": "https://registry.npmjs.org/dns-prefetch-control/-/dns-prefetch-control-0.1.0.tgz"
    },
    "dom-walk": {
      "version": "0.1.1",
      "from": "dom-walk@>=0.1.0 <0.2.0",
      "resolved": "https://registry.npmjs.org/dom-walk/-/dom-walk-0.1.1.tgz"
    },
    "dont-sniff-mimetype": {
      "version": "1.0.0",
      "from": "dont-sniff-mimetype@1.0.0",
      "resolved": "https://registry.npmjs.org/dont-sniff-mimetype/-/dont-sniff-mimetype-1.0.0.tgz"
    },
    "ee-first": {
      "version": "1.1.1",
      "from": "ee-first@1.1.1",
      "resolved": "https://registry.npmjs.org/ee-first/-/ee-first-1.1.1.tgz"
    },
    "encodeurl": {
      "version": "1.0.1",
      "from": "encodeurl@>=1.0.1 <1.1.0",
      "resolved": "https://registry.npmjs.org/encodeurl/-/encodeurl-1.0.1.tgz"
    },
    "encoding": {
      "version": "0.1.12",
      "from": "encoding@>=0.1.11 <0.2.0",
      "resolved": "https://registry.npmjs.org/encoding/-/encoding-0.1.12.tgz"
    },
    "error": {
      "version": "4.4.0",
      "from": "error@>=4.3.0 <5.0.0",
      "resolved": "https://registry.npmjs.org/error/-/error-4.4.0.tgz"
    },
    "escape-html": {
      "version": "1.0.3",
      "from": "escape-html@>=1.0.3 <1.1.0",
      "resolved": "https://registry.npmjs.org/escape-html/-/escape-html-1.0.3.tgz"
    },
    "etag": {
      "version": "1.7.0",
      "from": "etag@>=1.7.0 <1.8.0",
      "resolved": "https://registry.npmjs.org/etag/-/etag-1.7.0.tgz"
    },
    "ev-store": {
      "version": "7.0.0",
      "from": "ev-store@>=7.0.0 <8.0.0",
      "resolved": "https://registry.npmjs.org/ev-store/-/ev-store-7.0.0.tgz"
    },
    "exoid": {
      "version": "0.1.7",
      "from": "exoid@>=0.1.4 <0.2.0",
      "resolved": "https://registry.npmjs.org/exoid/-/exoid-0.1.7.tgz",
      "dependencies": {
        "lodash": {
          "version": "3.10.1",
          "from": "lodash@>=3.10.0 <4.0.0",
          "resolved": "https://registry.npmjs.org/lodash/-/lodash-3.10.1.tgz"
        },
        "rx-lite": {
          "version": "4.0.8",
          "from": "rx-lite@>=4.0.0 <5.0.0",
          "resolved": "https://registry.npmjs.org/rx-lite/-/rx-lite-4.0.8.tgz"
        }
      }
    },
    "express": {
      "version": "4.14.0",
      "from": "express@>=4.13.3 <5.0.0",
      "resolved": "https://registry.npmjs.org/express/-/express-4.14.0.tgz"
    },
    "finalhandler": {
      "version": "0.5.0",
      "from": "finalhandler@0.5.0",
      "resolved": "https://registry.npmjs.org/finalhandler/-/finalhandler-0.5.0.tgz"
    },
    "forwarded": {
      "version": "0.1.0",
      "from": "forwarded@>=0.1.0 <0.2.0",
      "resolved": "https://registry.npmjs.org/forwarded/-/forwarded-0.1.0.tgz"
    },
    "frameguard": {
      "version": "2.0.0",
      "from": "frameguard@2.0.0",
      "resolved": "https://registry.npmjs.org/frameguard/-/frameguard-2.0.0.tgz"
    },
    "fresh": {
      "version": "0.3.0",
      "from": "fresh@0.3.0",
      "resolved": "https://registry.npmjs.org/fresh/-/fresh-0.3.0.tgz"
    },
    "global": {
      "version": "4.3.1",
      "from": "global@>=4.3.0 <5.0.0",
      "resolved": "https://registry.npmjs.org/global/-/global-4.3.1.tgz"
    },
    "helmet": {
      "version": "2.3.0",
      "from": "helmet@>=2.3.0 <3.0.0",
      "resolved": "https://registry.npmjs.org/helmet/-/helmet-2.3.0.tgz"
    },
    "helmet-csp": {
      "version": "1.2.2",
      "from": "helmet-csp@1.2.2",
      "resolved": "https://registry.npmjs.org/helmet-csp/-/helmet-csp-1.2.2.tgz"
    },
    "hide-powered-by": {
      "version": "1.0.0",
      "from": "hide-powered-by@1.0.0",
      "resolved": "https://registry.npmjs.org/hide-powered-by/-/hide-powered-by-1.0.0.tgz"
    },
    "hpkp": {
      "version": "1.2.0",
      "from": "hpkp@1.2.0",
      "resolved": "https://registry.npmjs.org/hpkp/-/hpkp-1.2.0.tgz"
    },
    "hsts": {
      "version": "1.0.0",
      "from": "hsts@1.0.0",
      "resolved": "https://registry.npmjs.org/hsts/-/hsts-1.0.0.tgz"
    },
    "http-errors": {
      "version": "1.5.0",
      "from": "http-errors@>=1.5.0 <1.6.0",
      "resolved": "https://registry.npmjs.org/http-errors/-/http-errors-1.5.0.tgz"
    },
    "http-hash": {
      "version": "2.0.0",
      "from": "http-hash@>=2.0.0 <3.0.0",
      "resolved": "https://registry.npmjs.org/http-hash/-/http-hash-2.0.0.tgz"
    },
    "iconv-lite": {
      "version": "0.4.13",
      "from": "iconv-lite@0.4.13",
      "resolved": "https://registry.npmjs.org/iconv-lite/-/iconv-lite-0.4.13.tgz"
    },
    "ienoopen": {
      "version": "1.0.0",
      "from": "ienoopen@1.0.0",
      "resolved": "https://registry.npmjs.org/ienoopen/-/ienoopen-1.0.0.tgz"
    },
    "individual": {
      "version": "3.0.0",
      "from": "individual@>=3.0.0 <4.0.0",
      "resolved": "https://registry.npmjs.org/individual/-/individual-3.0.0.tgz"
    },
    "inherits": {
      "version": "2.0.1",
      "from": "inherits@2.0.1",
      "resolved": "https://registry.npmjs.org/inherits/-/inherits-2.0.1.tgz"
    },
    "ipaddr.js": {
      "version": "1.1.1",
      "from": "ipaddr.js@1.1.1",
      "resolved": "https://registry.npmjs.org/ipaddr.js/-/ipaddr.js-1.1.1.tgz"
    },
    "is-object": {
      "version": "1.0.1",
      "from": "is-object@>=1.0.1 <2.0.0",
      "resolved": "https://registry.npmjs.org/is-object/-/is-object-1.0.1.tgz"
    },
    "is-stream": {
      "version": "1.1.0",
      "from": "is-stream@>=1.0.1 <2.0.0",
      "resolved": "https://registry.npmjs.org/is-stream/-/is-stream-1.1.0.tgz"
    },
    "json-stable-stringify": {
      "version": "1.0.1",
      "from": "json-stable-stringify@>=1.0.0 <2.0.0",
      "resolved": "https://registry.npmjs.org/json-stable-stringify/-/json-stable-stringify-1.0.1.tgz"
    },
    "jsonify": {
      "version": "0.0.0",
      "from": "jsonify@>=0.0.0 <0.1.0",
      "resolved": "https://registry.npmjs.org/jsonify/-/jsonify-0.0.0.tgz"
    },
    "location-router": {
      "version": "0.1.2",
      "from": "location-router@>=0.1.1 <0.2.0",
      "resolved": "https://registry.npmjs.org/location-router/-/location-router-0.1.2.tgz",
      "dependencies": {
        "lodash": {
          "version": "3.10.1",
          "from": "lodash@>=3.10.0 <4.0.0",
          "resolved": "https://registry.npmjs.org/lodash/-/lodash-3.10.1.tgz"
        },
        "qs": {
          "version": "5.2.1",
          "from": "qs@>=5.2.0 <6.0.0",
          "resolved": "https://registry.npmjs.org/qs/-/qs-5.2.1.tgz"
        }
      }
    },
    "lodash": {
      "version": "4.16.4",
      "from": "lodash@>=4.16.4 <5.0.0",
      "resolved": "https://registry.npmjs.org/lodash/-/lodash-4.16.4.tgz"
    },
    "lodash.reduce": {
      "version": "4.5.0",
      "from": "lodash.reduce@4.5.0",
      "resolved": "https://registry.npmjs.org/lodash.reduce/-/lodash.reduce-4.5.0.tgz"
    },
    "loga": {
      "version": "0.1.4",
      "from": "loga@>=0.1.3 <0.2.0",
      "resolved": "https://registry.npmjs.org/loga/-/loga-0.1.4.tgz"
    },
    "lower-case": {
      "version": "1.1.3",
      "from": "lower-case@>=1.1.1 <2.0.0",
      "resolved": "https://registry.npmjs.org/lower-case/-/lower-case-1.1.3.tgz"
    },
    "media-typer": {
      "version": "0.3.0",
      "from": "media-typer@0.3.0",
      "resolved": "https://registry.npmjs.org/media-typer/-/media-typer-0.3.0.tgz"
    },
    "merge-descriptors": {
      "version": "1.0.1",
      "from": "merge-descriptors@1.0.1",
      "resolved": "https://registry.npmjs.org/merge-descriptors/-/merge-descriptors-1.0.1.tgz"
    },
    "methods": {
      "version": "1.1.2",
      "from": "methods@>=1.1.2 <1.2.0",
      "resolved": "https://registry.npmjs.org/methods/-/methods-1.1.2.tgz"
    },
    "mime": {
      "version": "1.3.4",
      "from": "mime@1.3.4",
      "resolved": "https://registry.npmjs.org/mime/-/mime-1.3.4.tgz"
    },
    "mime-db": {
      "version": "1.24.0",
      "from": "mime-db@>=1.24.0 <1.25.0",
      "resolved": "https://registry.npmjs.org/mime-db/-/mime-db-1.24.0.tgz"
    },
    "mime-types": {
      "version": "2.1.12",
      "from": "mime-types@>=2.1.11 <2.2.0",
      "resolved": "https://registry.npmjs.org/mime-types/-/mime-types-2.1.12.tgz"
    },
    "min-document": {
      "version": "2.19.0",
      "from": "min-document@>=2.19.0 <3.0.0",
      "resolved": "https://registry.npmjs.org/min-document/-/min-document-2.19.0.tgz"
    },
    "ms": {
      "version": "0.7.1",
      "from": "ms@0.7.1",
      "resolved": "https://registry.npmjs.org/ms/-/ms-0.7.1.tgz"
    },
    "negotiator": {
      "version": "0.6.1",
      "from": "negotiator@0.6.1",
      "resolved": "https://registry.npmjs.org/negotiator/-/negotiator-0.6.1.tgz"
    },
    "next-tick": {
      "version": "0.2.2",
      "from": "next-tick@>=0.2.2 <0.3.0",
      "resolved": "https://registry.npmjs.org/next-tick/-/next-tick-0.2.2.tgz"
    },
    "nocache": {
      "version": "1.0.1",
      "from": "nocache@1.0.1",
      "resolved": "https://registry.npmjs.org/nocache/-/nocache-1.0.1.tgz"
    },
    "node-fetch": {
      "version": "1.6.3",
      "from": "node-fetch@>=1.3.3 <2.0.0",
      "resolved": "https://registry.npmjs.org/node-fetch/-/node-fetch-1.6.3.tgz"
    },
    "on-finished": {
      "version": "2.3.0",
      "from": "on-finished@>=2.3.0 <2.4.0",
      "resolved": "https://registry.npmjs.org/on-finished/-/on-finished-2.3.0.tgz"
    },
    "on-headers": {
      "version": "1.0.1",
      "from": "on-headers@>=1.0.1 <1.1.0",
      "resolved": "https://registry.npmjs.org/on-headers/-/on-headers-1.0.1.tgz"
    },
    "param-case": {
      "version": "1.1.2",
      "from": "param-case@>=1.0.1 <2.0.0",
      "resolved": "https://registry.npmjs.org/param-case/-/param-case-1.1.2.tgz"
    },
    "parseurl": {
      "version": "1.3.1",
      "from": "parseurl@>=1.3.1 <1.4.0",
      "resolved": "https://registry.npmjs.org/parseurl/-/parseurl-1.3.1.tgz"
    },
    "path-to-regexp": {
      "version": "0.1.7",
      "from": "path-to-regexp@0.1.7",
      "resolved": "https://registry.npmjs.org/path-to-regexp/-/path-to-regexp-0.1.7.tgz"
    },
    "platform": {
      "version": "1.3.1",
      "from": "platform@1.3.1",
      "resolved": "https://registry.npmjs.org/platform/-/platform-1.3.1.tgz"
    },
    "process": {
      "version": "0.5.2",
      "from": "process@>=0.5.1 <0.6.0",
      "resolved": "https://registry.npmjs.org/process/-/process-0.5.2.tgz"
    },
    "promiz": {
      "version": "1.0.5",
      "from": "promiz@>=1.0.3 <2.0.0",
      "resolved": "https://registry.npmjs.org/promiz/-/promiz-1.0.5.tgz"
    },
    "proxy-addr": {
      "version": "1.1.2",
      "from": "proxy-addr@>=1.1.2 <1.2.0",
      "resolved": "https://registry.npmjs.org/proxy-addr/-/proxy-addr-1.1.2.tgz"
    },
    "qs": {
      "version": "6.2.0",
      "from": "qs@6.2.0",
      "resolved": "https://registry.npmjs.org/qs/-/qs-6.2.0.tgz"
    },
    "range-parser": {
      "version": "1.2.0",
      "from": "range-parser@>=1.2.0 <1.3.0",
      "resolved": "https://registry.npmjs.org/range-parser/-/range-parser-1.2.0.tgz"
    },
    "raw-body": {
      "version": "2.1.7",
      "from": "raw-body@>=2.1.7 <2.2.0",
      "resolved": "https://registry.npmjs.org/raw-body/-/raw-body-2.1.7.tgz"
    },
    "referrer-policy": {
      "version": "1.0.0",
      "from": "referrer-policy@1.0.0",
      "resolved": "https://registry.npmjs.org/referrer-policy/-/referrer-policy-1.0.0.tgz"
    },
    "rx-lite": {
      "version": "3.1.2",
      "from": "rx-lite@>=3.1.2 <4.0.0",
      "resolved": "https://registry.npmjs.org/rx-lite/-/rx-lite-3.1.2.tgz"
    },
    "send": {
      "version": "0.14.1",
      "from": "send@0.14.1",
      "resolved": "https://registry.npmjs.org/send/-/send-0.14.1.tgz"
    },
    "sentence-case": {
      "version": "1.1.3",
      "from": "sentence-case@>=1.1.2 <2.0.0",
      "resolved": "https://registry.npmjs.org/sentence-case/-/sentence-case-1.1.3.tgz"
    },
    "serve-static": {
      "version": "1.11.1",
      "from": "serve-static@>=1.11.1 <1.12.0",
      "resolved": "https://registry.npmjs.org/serve-static/-/serve-static-1.11.1.tgz"
    },
    "setprototypeof": {
      "version": "1.0.1",
      "from": "setprototypeof@1.0.1",
      "resolved": "https://registry.npmjs.org/setprototypeof/-/setprototypeof-1.0.1.tgz"
    },
    "statuses": {
      "version": "1.3.0",
      "from": "statuses@>=1.3.0 <2.0.0",
      "resolved": "https://registry.npmjs.org/statuses/-/statuses-1.3.0.tgz"
    },
    "string-template": {
      "version": "0.2.1",
      "from": "string-template@>=0.2.0 <0.3.0",
      "resolved": "https://registry.npmjs.org/string-template/-/string-template-0.2.1.tgz"
    },
    "type-is": {
      "version": "1.6.13",
      "from": "type-is@>=1.6.13 <1.7.0",
      "resolved": "https://registry.npmjs.org/type-is/-/type-is-1.6.13.tgz"
    },
    "unpipe": {
      "version": "1.0.0",
      "from": "unpipe@1.0.0",
      "resolved": "https://registry.npmjs.org/unpipe/-/unpipe-1.0.0.tgz"
    },
    "utils-merge": {
      "version": "1.0.0",
      "from": "utils-merge@1.0.0",
      "resolved": "https://registry.npmjs.org/utils-merge/-/utils-merge-1.0.0.tgz"
    },
    "vary": {
      "version": "1.1.0",
      "from": "vary@>=1.1.0 <1.2.0",
      "resolved": "https://registry.npmjs.org/vary/-/vary-1.1.0.tgz"
    },
    "vdom-parser": {
      "version": "1.3.4",
      "from": "vdom-parser@>=1.2.1 <2.0.0",
      "resolved": "https://registry.npmjs.org/vdom-parser/-/vdom-parser-1.3.4.tgz"
    },
    "vdom-to-html": {
      "version": "2.3.0",
      "from": "vdom-to-html@>=2.0.0 <3.0.0",
      "resolved": "https://registry.npmjs.org/vdom-to-html/-/vdom-to-html-2.3.0.tgz"
    },
    "virtual-dom": {
      "version": "2.1.1",
      "from": "virtual-dom@>=2.0.1 <3.0.0",
      "resolved": "https://registry.npmjs.org/virtual-dom/-/virtual-dom-2.1.1.tgz"
    },
    "whatwg-fetch": {
      "version": "1.0.0",
      "from": "whatwg-fetch@>=1.0.0 <2.0.0",
      "resolved": "https://registry.npmjs.org/whatwg-fetch/-/whatwg-fetch-1.0.0.tgz"
    },
    "x-is-array": {
      "version": "0.1.0",
      "from": "x-is-array@0.1.0",
      "resolved": "https://registry.npmjs.org/x-is-array/-/x-is-array-0.1.0.tgz"
    },
    "x-is-string": {
      "version": "0.1.0",
      "from": "x-is-string@0.1.0",
      "resolved": "https://registry.npmjs.org/x-is-string/-/x-is-string-0.1.0.tgz"
    },
    "x-xss-protection": {
      "version": "1.0.0",
      "from": "x-xss-protection@1.0.0",
      "resolved": "https://registry.npmjs.org/x-xss-protection/-/x-xss-protection-1.0.0.tgz"
    },
    "xtend": {
      "version": "4.0.1",
      "from": "xtend@>=4.0.0 <5.0.0",
      "resolved": "https://registry.npmjs.org/xtend/-/xtend-4.0.1.tgz"
    },
    "zorium": {
      "version": "1.0.12",
      "from": "zorium@>=1.0.8 <2.0.0",
      "resolved": "https://registry.npmjs.org/zorium/-/zorium-1.0.12.tgz",
      "dependencies": {
        "lodash": {
          "version": "3.10.1",
          "from": "lodash@>=3.6.0 <4.0.0",
          "resolved": "https://registry.npmjs.org/lodash/-/lodash-3.10.1.tgz"
        },
        "qs": {
          "version": "2.4.2",
          "from": "qs@>=2.4.2 <3.0.0",
          "resolved": "https://registry.npmjs.org/qs/-/qs-2.4.2.tgz"
        },
        "rx-lite": {
          "version": "2.5.2",
          "from": "rx-lite@>=2.5.2 <3.0.0",
          "resolved": "https://registry.npmjs.org/rx-lite/-/rx-lite-2.5.2.tgz"
        }
      }
    },
    "zorium-paper": {
      "version": "0.5.1",
      "from": "zorium-paper@>=0.5.0 <0.6.0",
      "resolved": "https://registry.npmjs.org/zorium-paper/-/zorium-paper-0.5.1.tgz",
      "dependencies": {
        "lodash": {
          "version": "3.10.1",
          "from": "lodash@>=3.7.0 <4.0.0",
          "resolved": "https://registry.npmjs.org/lodash/-/lodash-3.10.1.tgz"
        },
        "rx-lite": {
          "version": "2.5.2",
          "from": "rx-lite@>=2.5.2 <3.0.0",
          "resolved": "https://registry.npmjs.org/rx-lite/-/rx-lite-2.5.2.tgz"
        }
      }
    }
  }
}
